// !$*UTF8*$!
{
	archiveVersion = 1;
	classes = {
	};
	objectVersion = 46;
	objects = {

/* Begin PBXBuildFile section */
		6D07DD151E525FAD00AC4D48 /* AppDelegate.swift in Sources */ = {isa = PBXBuildFile; fileRef = 6D07DD141E525FAD00AC4D48 /* AppDelegate.swift */; };
		6D07DD1A1E525FAD00AC4D48 /* Main.storyboard in Resources */ = {isa = PBXBuildFile; fileRef = 6D07DD181E525FAD00AC4D48 /* Main.storyboard */; };
		6D07DD1C1E525FAD00AC4D48 /* Assets.xcassets in Resources */ = {isa = PBXBuildFile; fileRef = 6D07DD1B1E525FAD00AC4D48 /* Assets.xcassets */; };
		6D07DD1F1E525FAD00AC4D48 /* LaunchScreen.storyboard in Resources */ = {isa = PBXBuildFile; fileRef = 6D07DD1D1E525FAD00AC4D48 /* LaunchScreen.storyboard */; };
		6D07DD2A1E525FAD00AC4D48 /* PartyApp_1Tests.swift in Sources */ = {isa = PBXBuildFile; fileRef = 6D07DD291E525FAD00AC4D48 /* PartyApp_1Tests.swift */; };
		6D07DD351E525FAD00AC4D48 /* PartyApp_1UITests.swift in Sources */ = {isa = PBXBuildFile; fileRef = 6D07DD341E525FAD00AC4D48 /* PartyApp_1UITests.swift */; };
		6D07DD431E52706600AC4D48 /* PartiesTableViewController.swift in Sources */ = {isa = PBXBuildFile; fileRef = 6D07DD421E52706600AC4D48 /* PartiesTableViewController.swift */; };
		6D2254A41E53F33B0003F702 /* AddPartyViewController.swift in Sources */ = {isa = PBXBuildFile; fileRef = 6D2254A31E53F33B0003F702 /* AddPartyViewController.swift */; };
		6D2254A61E540A820003F702 /* Persistence.swift in Sources */ = {isa = PBXBuildFile; fileRef = 6D2254A51E540A820003F702 /* Persistence.swift */; };
		6D340CB31E52D6A500F6ECFD /* Party.swift in Sources */ = {isa = PBXBuildFile; fileRef = 6D340CB21E52D6A500F6ECFD /* Party.swift */; };
		6D428FD41E5328440053366E /* PartyStore.swift in Sources */ = {isa = PBXBuildFile; fileRef = 6D428FD31E5328440053366E /* PartyStore.swift */; };
		6D428FD61E53D0E00053366E /* MapViewController.swift in Sources */ = {isa = PBXBuildFile; fileRef = 6D428FD51E53D0E00053366E /* MapViewController.swift */; };
/* End PBXBuildFile section */

/* Begin PBXContainerItemProxy section */
		6D07DD261E525FAD00AC4D48 /* PBXContainerItemProxy */ = {
			isa = PBXContainerItemProxy;
			containerPortal = 6D07DD091E525FAD00AC4D48 /* Project object */;
			proxyType = 1;
			remoteGlobalIDString = 6D07DD101E525FAD00AC4D48;
			remoteInfo = PartyApp_1;
		};
		6D07DD311E525FAD00AC4D48 /* PBXContainerItemProxy */ = {
			isa = PBXContainerItemProxy;
			containerPortal = 6D07DD091E525FAD00AC4D48 /* Project object */;
			proxyType = 1;
			remoteGlobalIDString = 6D07DD101E525FAD00AC4D48;
			remoteInfo = PartyApp_1;
		};
/* End PBXContainerItemProxy section */

/* Begin PBXFileReference section */
		6D07DD111E525FAD00AC4D48 /* PartyApp_1.app */ = {isa = PBXFileReference; explicitFileType = wrapper.application; includeInIndex = 0; path = PartyApp_1.app; sourceTree = BUILT_PRODUCTS_DIR; };
		6D07DD141E525FAD00AC4D48 /* AppDelegate.swift */ = {isa = PBXFileReference; lastKnownFileType = sourcecode.swift; path = AppDelegate.swift; sourceTree = "<group>"; };
		6D07DD191E525FAD00AC4D48 /* Base */ = {isa = PBXFileReference; lastKnownFileType = file.storyboard; name = Base; path = Base.lproj/Main.storyboard; sourceTree = "<group>"; };
		6D07DD1B1E525FAD00AC4D48 /* Assets.xcassets */ = {isa = PBXFileReference; lastKnownFileType = folder.assetcatalog; path = Assets.xcassets; sourceTree = "<group>"; };
		6D07DD1E1E525FAD00AC4D48 /* Base */ = {isa = PBXFileReference; lastKnownFileType = file.storyboard; name = Base; path = Base.lproj/LaunchScreen.storyboard; sourceTree = "<group>"; };
		6D07DD201E525FAD00AC4D48 /* Info.plist */ = {isa = PBXFileReference; lastKnownFileType = text.plist.xml; path = Info.plist; sourceTree = "<group>"; };
		6D07DD251E525FAD00AC4D48 /* PartyApp_1Tests.xctest */ = {isa = PBXFileReference; explicitFileType = wrapper.cfbundle; includeInIndex = 0; path = PartyApp_1Tests.xctest; sourceTree = BUILT_PRODUCTS_DIR; };
		6D07DD291E525FAD00AC4D48 /* PartyApp_1Tests.swift */ = {isa = PBXFileReference; lastKnownFileType = sourcecode.swift; path = PartyApp_1Tests.swift; sourceTree = "<group>"; };
		6D07DD2B1E525FAD00AC4D48 /* Info.plist */ = {isa = PBXFileReference; lastKnownFileType = text.plist.xml; path = Info.plist; sourceTree = "<group>"; };
		6D07DD301E525FAD00AC4D48 /* PartyApp_1UITests.xctest */ = {isa = PBXFileReference; explicitFileType = wrapper.cfbundle; includeInIndex = 0; path = PartyApp_1UITests.xctest; sourceTree = BUILT_PRODUCTS_DIR; };
		6D07DD341E525FAD00AC4D48 /* PartyApp_1UITests.swift */ = {isa = PBXFileReference; lastKnownFileType = sourcecode.swift; path = PartyApp_1UITests.swift; sourceTree = "<group>"; };
		6D07DD361E525FAD00AC4D48 /* Info.plist */ = {isa = PBXFileReference; lastKnownFileType = text.plist.xml; path = Info.plist; sourceTree = "<group>"; };
		6D07DD421E52706600AC4D48 /* PartiesTableViewController.swift */ = {isa = PBXFileReference; fileEncoding = 4; lastKnownFileType = sourcecode.swift; path = PartiesTableViewController.swift; sourceTree = "<group>"; };
		6D2254A31E53F33B0003F702 /* AddPartyViewController.swift */ = {isa = PBXFileReference; fileEncoding = 4; lastKnownFileType = sourcecode.swift; path = AddPartyViewController.swift; sourceTree = "<group>"; };
		6D2254A51E540A820003F702 /* Persistence.swift */ = {isa = PBXFileReference; fileEncoding = 4; lastKnownFileType = sourcecode.swift; path = Persistence.swift; sourceTree = "<group>"; };
		6D340CB21E52D6A500F6ECFD /* Party.swift */ = {isa = PBXFileReference; fileEncoding = 4; lastKnownFileType = sourcecode.swift; path = Party.swift; sourceTree = "<group>"; };
		6D428FD31E5328440053366E /* PartyStore.swift */ = {isa = PBXFileReference; fileEncoding = 4; lastKnownFileType = sourcecode.swift; path = PartyStore.swift; sourceTree = "<group>"; };
		6D428FD51E53D0E00053366E /* MapViewController.swift */ = {isa = PBXFileReference; fileEncoding = 4; lastKnownFileType = sourcecode.swift; path = MapViewController.swift; sourceTree = "<group>"; };
/* End PBXFileReference section */

/* Begin PBXFrameworksBuildPhase section */
		6D07DD0E1E525FAD00AC4D48 /* Frameworks */ = {
			isa = PBXFrameworksBuildPhase;
			buildActionMask = 2147483647;
			files = (
			);
			runOnlyForDeploymentPostprocessing = 0;
		};
		6D07DD221E525FAD00AC4D48 /* Frameworks */ = {
			isa = PBXFrameworksBuildPhase;
			buildActionMask = 2147483647;
			files = (
			);
			runOnlyForDeploymentPostprocessing = 0;
		};
		6D07DD2D1E525FAD00AC4D48 /* Frameworks */ = {
			isa = PBXFrameworksBuildPhase;
			buildActionMask = 2147483647;
			files = (
			);
			runOnlyForDeploymentPostprocessing = 0;
		};
/* End PBXFrameworksBuildPhase section */

/* Begin PBXGroup section */
		6D07DD081E525FAD00AC4D48 = {
			isa = PBXGroup;
			children = (
				6D07DD131E525FAD00AC4D48 /* PartyApp_1 */,
				6D07DD281E525FAD00AC4D48 /* PartyApp_1Tests */,
				6D07DD331E525FAD00AC4D48 /* PartyApp_1UITests */,
				6D07DD121E525FAD00AC4D48 /* Products */,
			);
			sourceTree = "<group>";
		};
		6D07DD121E525FAD00AC4D48 /* Products */ = {
			isa = PBXGroup;
			children = (
				6D07DD111E525FAD00AC4D48 /* PartyApp_1.app */,
				6D07DD251E525FAD00AC4D48 /* PartyApp_1Tests.xctest */,
				6D07DD301E525FAD00AC4D48 /* PartyApp_1UITests.xctest */,
			);
			name = Products;
			sourceTree = "<group>";
		};
		6D07DD131E525FAD00AC4D48 /* PartyApp_1 */ = {
			isa = PBXGroup;
			children = (
				6D07DD141E525FAD00AC4D48 /* AppDelegate.swift */,
				6D07DD181E525FAD00AC4D48 /* Main.storyboard */,
				6D07DD1B1E525FAD00AC4D48 /* Assets.xcassets */,
				6D07DD1D1E525FAD00AC4D48 /* LaunchScreen.storyboard */,
				6D07DD201E525FAD00AC4D48 /* Info.plist */,
				6D07DD421E52706600AC4D48 /* PartiesTableViewController.swift */,
				6D340CB21E52D6A500F6ECFD /* Party.swift */,
				6D428FD31E5328440053366E /* PartyStore.swift */,
				6D428FD51E53D0E00053366E /* MapViewController.swift */,
				6D2254A31E53F33B0003F702 /* AddPartyViewController.swift */,
				6D2254A51E540A820003F702 /* Persistence.swift */,
			);
			path = PartyApp_1;
			sourceTree = "<group>";
		};
		6D07DD281E525FAD00AC4D48 /* PartyApp_1Tests */ = {
			isa = PBXGroup;
			children = (
				6D07DD291E525FAD00AC4D48 /* PartyApp_1Tests.swift */,
				6D07DD2B1E525FAD00AC4D48 /* Info.plist */,
			);
			path = PartyApp_1Tests;
			sourceTree = "<group>";
		};
		6D07DD331E525FAD00AC4D48 /* PartyApp_1UITests */ = {
			isa = PBXGroup;
			children = (
				6D07DD341E525FAD00AC4D48 /* PartyApp_1UITests.swift */,
				6D07DD361E525FAD00AC4D48 /* Info.plist */,
			);
			path = PartyApp_1UITests;
			sourceTree = "<group>";
		};
/* End PBXGroup section */

/* Begin PBXNativeTarget section */
		6D07DD101E525FAD00AC4D48 /* PartyApp_1 */ = {
			isa = PBXNativeTarget;
			buildConfigurationList = 6D07DD391E525FAD00AC4D48 /* Build configuration list for PBXNativeTarget "PartyApp_1" */;
			buildPhases = (
				6D07DD0D1E525FAD00AC4D48 /* Sources */,
				6D07DD0E1E525FAD00AC4D48 /* Frameworks */,
				6D07DD0F1E525FAD00AC4D48 /* Resources */,
			);
			buildRules = (
			);
			dependencies = (
			);
			name = PartyApp_1;
			productName = PartyApp_1;
			productReference = 6D07DD111E525FAD00AC4D48 /* PartyApp_1.app */;
			productType = "com.apple.product-type.application";
		};
		6D07DD241E525FAD00AC4D48 /* PartyApp_1Tests */ = {
			isa = PBXNativeTarget;
			buildConfigurationList = 6D07DD3C1E525FAD00AC4D48 /* Build configuration list for PBXNativeTarget "PartyApp_1Tests" */;
			buildPhases = (
				6D07DD211E525FAD00AC4D48 /* Sources */,
				6D07DD221E525FAD00AC4D48 /* Frameworks */,
				6D07DD231E525FAD00AC4D48 /* Resources */,
			);
			buildRules = (
			);
			dependencies = (
				6D07DD271E525FAD00AC4D48 /* PBXTargetDependency */,
			);
			name = PartyApp_1Tests;
			productName = PartyApp_1Tests;
			productReference = 6D07DD251E525FAD00AC4D48 /* PartyApp_1Tests.xctest */;
			productType = "com.apple.product-type.bundle.unit-test";
		};
		6D07DD2F1E525FAD00AC4D48 /* PartyApp_1UITests */ = {
			isa = PBXNativeTarget;
			buildConfigurationList = 6D07DD3F1E525FAD00AC4D48 /* Build configuration list for PBXNativeTarget "PartyApp_1UITests" */;
			buildPhases = (
				6D07DD2C1E525FAD00AC4D48 /* Sources */,
				6D07DD2D1E525FAD00AC4D48 /* Frameworks */,
				6D07DD2E1E525FAD00AC4D48 /* Resources */,
			);
			buildRules = (
			);
			dependencies = (
				6D07DD321E525FAD00AC4D48 /* PBXTargetDependency */,
			);
			name = PartyApp_1UITests;
			productName = PartyApp_1UITests;
			productReference = 6D07DD301E525FAD00AC4D48 /* PartyApp_1UITests.xctest */;
			productType = "com.apple.product-type.bundle.ui-testing";
		};
/* End PBXNativeTarget section */

/* Begin PBXProject section */
		6D07DD091E525FAD00AC4D48 /* Project object */ = {
			isa = PBXProject;
			attributes = {
				LastSwiftUpdateCheck = 0820;
				LastUpgradeCheck = 0820;
				ORGANIZATIONNAME = RobynSilber;
				TargetAttributes = {
					6D07DD101E525FAD00AC4D48 = {
						CreatedOnToolsVersion = 8.2.1;
						ProvisioningStyle = Automatic;
					};
					6D07DD241E525FAD00AC4D48 = {
						CreatedOnToolsVersion = 8.2.1;
						ProvisioningStyle = Automatic;
						TestTargetID = 6D07DD101E525FAD00AC4D48;
					};
					6D07DD2F1E525FAD00AC4D48 = {
						CreatedOnToolsVersion = 8.2.1;
						ProvisioningStyle = Automatic;
						TestTargetID = 6D07DD101E525FAD00AC4D48;
					};
				};
			};
			buildConfigurationList = 6D07DD0C1E525FAD00AC4D48 /* Build configuration list for PBXProject "PartyApp_1" */;
			compatibilityVersion = "Xcode 3.2";
			developmentRegion = English;
			hasScannedForEncodings = 0;
			knownRegions = (
				en,
				Base,
			);
			mainGroup = 6D07DD081E525FAD00AC4D48;
			productRefGroup = 6D07DD121E525FAD00AC4D48 /* Products */;
			projectDirPath = "";
			projectRoot = "";
			targets = (
				6D07DD101E525FAD00AC4D48 /* PartyApp_1 */,
				6D07DD241E525FAD00AC4D48 /* PartyApp_1Tests */,
				6D07DD2F1E525FAD00AC4D48 /* PartyApp_1UITests */,
			);
		};
/* End PBXProject section */

/* Begin PBXResourcesBuildPhase section */
		6D07DD0F1E525FAD00AC4D48 /* Resources */ = {
			isa = PBXResourcesBuildPhase;
			buildActionMask = 2147483647;
			files = (
				6D07DD1F1E525FAD00AC4D48 /* LaunchScreen.storyboard in Resources */,
				6D07DD1C1E525FAD00AC4D48 /* Assets.xcassets in Resources */,
				6D07DD1A1E525FAD00AC4D48 /* Main.storyboard in Resources */,
			);
			runOnlyForDeploymentPostprocessing = 0;
		};
		6D07DD231E525FAD00AC4D48 /* Resources */ = {
			isa = PBXResourcesBuildPhase;
			buildActionMask = 2147483647;
			files = (
			);
			runOnlyForDeploymentPostprocessing = 0;
		};
		6D07DD2E1E525FAD00AC4D48 /* Resources */ = {
			isa = PBXResourcesBuildPhase;
			buildActionMask = 2147483647;
			files = (
			);
			runOnlyForDeploymentPostprocessing = 0;
		};
/* End PBXResourcesBuildPhase section */

/* Begin PBXSourcesBuildPhase section */
		6D07DD0D1E525FAD00AC4D48 /* Sources */ = {
			isa = PBXSourcesBuildPhase;
			buildActionMask = 2147483647;
			files = (
				6D428FD41E5328440053366E /* PartyStore.swift in Sources */,
				6D07DD431E52706600AC4D48 /* PartiesTableViewController.swift in Sources */,
				6D340CB31E52D6A500F6ECFD /* Party.swift in Sources */,
				6D2254A61E540A820003F702 /* Persistence.swift in Sources */,
				6D428FD61E53D0E00053366E /* MapViewController.swift in Sources */,
				6D07DD151E525FAD00AC4D48 /* AppDelegate.swift in Sources */,
				6D2254A41E53F33B0003F702 /* AddPartyViewController.swift in Sources */,
			);
			runOnlyForDeploymentPostprocessing = 0;
		};
		6D07DD211E525FAD00AC4D48 /* Sources */ = {
			isa = PBXSourcesBuildPhase;
			buildActionMask = 2147483647;
			files = (
				6D07DD2A1E525FAD00AC4D48 /* PartyApp_1Tests.swift in Sources */,
			);
			runOnlyForDeploymentPostprocessing = 0;
		};
		6D07DD2C1E525FAD00AC4D48 /* Sources */ = {
			isa = PBXSourcesBuildPhase;
			buildActionMask = 2147483647;
			files = (
				6D07DD351E525FAD00AC4D48 /* PartyApp_1UITests.swift in Sources */,
			);
			runOnlyForDeploymentPostprocessing = 0;
		};
/* End PBXSourcesBuildPhase section */

/* Begin PBXTargetDependency section */
		6D07DD271E525FAD00AC4D48 /* PBXTargetDependency */ = {
			isa = PBXTargetDependency;
			target = 6D07DD101E525FAD00AC4D48 /* PartyApp_1 */;
			targetProxy = 6D07DD261E525FAD00AC4D48 /* PBXContainerItemProxy */;
		};
		6D07DD321E525FAD00AC4D48 /* PBXTargetDependency */ = {
			isa = PBXTargetDependency;
			target = 6D07DD101E525FAD00AC4D48 /* PartyApp_1 */;
			targetProxy = 6D07DD311E525FAD00AC4D48 /* PBXContainerItemProxy */;
		};
/* End PBXTargetDependency section */

/* Begin PBXVariantGroup section */
		6D07DD181E525FAD00AC4D48 /* Main.storyboard */ = {
			isa = PBXVariantGroup;
			children = (
				6D07DD191E525FAD00AC4D48 /* Base */,
			);
			name = Main.storyboard;
			sourceTree = "<group>";
		};
		6D07DD1D1E525FAD00AC4D48 /* LaunchScreen.storyboard */ = {
			isa = PBXVariantGroup;
			children = (
				6D07DD1E1E525FAD00AC4D48 /* Base */,
			);
			name = LaunchScreen.storyboard;
			sourceTree = "<group>";
		};
/* End PBXVariantGroup section */

/* Begin XCBuildConfiguration section */
		6D07DD371E525FAD00AC4D48 /* Debug */ = {
			isa = XCBuildConfiguration;
			buildSettings = {
				ALWAYS_SEARCH_USER_PATHS = NO;
				CLANG_ANALYZER_NONNULL = YES;
				CLANG_CXX_LANGUAGE_STANDARD = "gnu++0x";
				CLANG_CXX_LIBRARY = "libc++";
				CLANG_ENABLE_MODULES = YES;
				CLANG_ENABLE_OBJC_ARC = YES;
				CLANG_WARN_BOOL_CONVERSION = YES;
				CLANG_WARN_CONSTANT_CONVERSION = YES;
				CLANG_WARN_DIRECT_OBJC_ISA_USAGE = YES_ERROR;
				CLANG_WARN_DOCUMENTATION_COMMENTS = YES;
				CLANG_WARN_EMPTY_BODY = YES;
				CLANG_WARN_ENUM_CONVERSION = YES;
				CLANG_WARN_INFINITE_RECURSION = YES;
				CLANG_WARN_INT_CONVERSION = YES;
				CLANG_WARN_OBJC_ROOT_CLASS = YES_ERROR;
				CLANG_WARN_SUSPICIOUS_MOVE = YES;
				CLANG_WARN_UNREACHABLE_CODE = YES;
				CLANG_WARN__DUPLICATE_METHOD_MATCH = YES;
				"CODE_SIGN_IDENTITY[sdk=iphoneos*]" = "iPhone Developer";
				COPY_PHASE_STRIP = NO;
				DEBUG_INFORMATION_FORMAT = dwarf;
				ENABLE_STRICT_OBJC_MSGSEND = YES;
				ENABLE_TESTABILITY = YES;
				GCC_C_LANGUAGE_STANDARD = gnu99;
				GCC_DYNAMIC_NO_PIC = NO;
				GCC_NO_COMMON_BLOCKS = YES;
				GCC_OPTIMIZATION_LEVEL = 0;
				GCC_PREPROCESSOR_DEFINITIONS = (
					"DEBUG=1",
					"$(inherited)",
				);
				GCC_WARN_64_TO_32_BIT_CONVERSION = YES;
				GCC_WARN_ABOUT_RETURN_TYPE = YES_ERROR;
				GCC_WARN_UNDECLARED_SELECTOR = YES;
				GCC_WARN_UNINITIALIZED_AUTOS = YES_AGGRESSIVE;
				GCC_WARN_UNUSED_FUNCTION = YES;
				GCC_WARN_UNUSED_VARIABLE = YES;
				IPHONEOS_DEPLOYMENT_TARGET = 10.2;
				MTL_ENABLE_DEBUG_INFO = YES;
				ONLY_ACTIVE_ARCH = YES;
				SDKROOT = iphoneos;
				SWIFT_ACTIVE_COMPILATION_CONDITIONS = DEBUG;
				SWIFT_OPTIMIZATION_LEVEL = "-Onone";
				TARGETED_DEVICE_FAMILY = "1,2";
			};
			name = Debug;
		};
		6D07DD381E525FAD00AC4D48 /* Release */ = {
			isa = XCBuildConfiguration;
			buildSettings = {
				ALWAYS_SEARCH_USER_PATHS = NO;
				CLANG_ANALYZER_NONNULL = YES;
				CLANG_CXX_LANGUAGE_STANDARD = "gnu++0x";
				CLANG_CXX_LIBRARY = "libc++";
				CLANG_ENABLE_MODULES = YES;
				CLANG_ENABLE_OBJC_ARC = YES;
				CLANG_WARN_BOOL_CONVERSION = YES;
				CLANG_WARN_CONSTANT_CONVERSION = YES;
				CLANG_WARN_DIRECT_OBJC_ISA_USAGE = YES_ERROR;
				CLANG_WARN_DOCUMENTATION_COMMENTS = YES;
				CLANG_WARN_EMPTY_BODY = YES;
				CLANG_WARN_ENUM_CONVERSION = YES;
				CLANG_WARN_INFINITE_RECURSION = YES;
				CLANG_WARN_INT_CONVERSION = YES;
				CLANG_WARN_OBJC_ROOT_CLASS = YES_ERROR;
				CLANG_WARN_SUSPICIOUS_MOVE = YES;
				CLANG_WARN_UNREACHABLE_CODE = YES;
				CLANG_WARN__DUPLICATE_METHOD_MATCH = YES;
				"CODE_SIGN_IDENTITY[sdk=iphoneos*]" = "iPhone Developer";
				COPY_PHASE_STRIP = NO;
				DEBUG_INFORMATION_FORMAT = "dwarf-with-dsym";
				ENABLE_NS_ASSERTIONS = NO;
				ENABLE_STRICT_OBJC_MSGSEND = YES;
				GCC_C_LANGUAGE_STANDARD = gnu99;
				GCC_NO_COMMON_BLOCKS = YES;
				GCC_WARN_64_TO_32_BIT_CONVERSION = YES;
				GCC_WARN_ABOUT_RETURN_TYPE = YES_ERROR;
				GCC_WARN_UNDECLARED_SELECTOR = YES;
				GCC_WARN_UNINITIALIZED_AUTOS = YES_AGGRESSIVE;
				GCC_WARN_UNUSED_FUNCTION = YES;
				GCC_WARN_UNUSED_VARIABLE = YES;
				IPHONEOS_DEPLOYMENT_TARGET = 10.2;
				MTL_ENABLE_DEBUG_INFO = NO;
				SDKROOT = iphoneos;
				SWIFT_OPTIMIZATION_LEVEL = "-Owholemodule";
				TARGETED_DEVICE_FAMILY = "1,2";
				VALIDATE_PRODUCT = YES;
			};
			name = Release;
		};
		6D07DD3A1E525FAD00AC4D48 /* Debug */ = {
			isa = XCBuildConfiguration;
			buildSettings = {
				ASSETCATALOG_COMPILER_APPICON_NAME = AppIcon;
				INFOPLIST_FILE = PartyApp_1/Info.plist;
				LD_RUNPATH_SEARCH_PATHS = "$(inherited) @executable_path/Frameworks";
				PRODUCT_BUNDLE_IDENTIFIER = "com.robynsilber.PartyApp-1";
				PRODUCT_NAME = "$(TARGET_NAME)";
				SWIFT_VERSION = 3.0;
			};
			name = Debug;
		};
		6D07DD3B1E525FAD00AC4D48 /* Release */ = {
			isa = XCBuildConfiguration;
			buildSettings = {
				ASSETCATALOG_COMPILER_APPICON_NAME = AppIcon;
				INFOPLIST_FILE = PartyApp_1/Info.plist;
				LD_RUNPATH_SEARCH_PATHS = "$(inherited) @executable_path/Frameworks";
				PRODUCT_BUNDLE_IDENTIFIER = "com.robynsilber.PartyApp-1";
				PRODUCT_NAME = "$(TARGET_NAME)";
				SWIFT_VERSION = 3.0;
			};
			name = Release;
		};
		6D07DD3D1E525FAD00AC4D48 /* Debug */ = {
			isa = XCBuildConfiguration;
			buildSettings = {
				ALWAYS_EMBED_SWIFT_STANDARD_LIBRARIES = YES;
				BUNDLE_LOADER = "$(TEST_HOST)";
				INFOPLIST_FILE = PartyApp_1Tests/Info.plist;
				LD_RUNPATH_SEARCH_PATHS = "$(inherited) @executable_path/Frameworks @loader_path/Frameworks";
				PRODUCT_BUNDLE_IDENTIFIER = "com.robynsilber.PartyApp-1Tests";
				PRODUCT_NAME = "$(TARGET_NAME)";
				SWIFT_VERSION = 3.0;
				TEST_HOST = "$(BUILT_PRODUCTS_DIR)/PartyApp_1.app/PartyApp_1";
			};
			name = Debug;
		};
		6D07DD3E1E525FAD00AC4D48 /* Release */ = {
			isa = XCBuildConfiguration;
			buildSettings = {
				ALWAYS_EMBED_SWIFT_STANDARD_LIBRARIES = YES;
				BUNDLE_LOADER = "$(TEST_HOST)";
				INFOPLIST_FILE = PartyApp_1Tests/Info.plist;
				LD_RUNPATH_SEARCH_PATHS = "$(inherited) @executable_path/Frameworks @loader_path/Frameworks";
				PRODUCT_BUNDLE_IDENTIFIER = "com.robynsilber.PartyApp-1Tests";
				PRODUCT_NAME = "$(TARGET_NAME)";
				SWIFT_VERSION = 3.0;
				TEST_HOST = "$(BUILT_PRODUCTS_DIR)/PartyApp_1.app/PartyApp_1";
			};
			name = Release;
		};
		6D07DD401E525FAD00AC4D48 /* Debug */ = {
			isa = XCBuildConfiguration;
			buildSettings = {
				ALWAYS_EMBED_SWIFT_STANDARD_LIBRARIES = YES;
				INFOPLIST_FILE = PartyApp_1UITests/Info.plist;
				LD_RUNPATH_SEARCH_PATHS = "$(inherited) @executable_path/Frameworks @loader_path/Frameworks";
				PRODUCT_BUNDLE_IDENTIFIER = "com.robynsilber.PartyApp-1UITests";
				PRODUCT_NAME = "$(TARGET_NAME)";
				SWIFT_VERSION = 3.0;
				TEST_TARGET_NAME = PartyApp_1;
			};
			name = Debug;
		};
		6D07DD411E525FAD00AC4D48 /* Release */ = {
			isa = XCBuildConfiguration;
			buildSettings = {
				ALWAYS_EMBED_SWIFT_STANDARD_LIBRARIES = YES;
				INFOPLIST_FILE = PartyApp_1UITests/Info.plist;
				LD_RUNPATH_SEARCH_PATHS = "$(inherited) @executable_path/Frameworks @loader_path/Frameworks";
				PRODUCT_BUNDLE_IDENTIFIER = "com.robynsilber.PartyApp-1UITests";
				PRODUCT_NAME = "$(TARGET_NAME)";
				SWIFT_VERSION = 3.0;
				TEST_TARGET_NAME = PartyApp_1;
			};
			name = Release;
		};
/* End XCBuildConfiguration section */

/* Begin XCConfigurationList section */
		6D07DD0C1E525FAD00AC4D48 /* Build configuration list for PBXProject "PartyApp_1" */ = {
			isa = XCConfigurationList;
			buildConfigurations = (
				6D07DD371E525FAD00AC4D48 /* Debug */,
				6D07DD381E525FAD00AC4D48 /* Release */,
			);
			defaultConfigurationIsVisible = 0;
			defaultConfigurationName = Release;
		};
		6D07DD391E525FAD00AC4D48 /* Build configuration list for PBXNativeTarget "PartyApp_1" */ = {
			isa = XCConfigurationList;
			buildConfigurations = (
				6D07DD3A1E525FAD00AC4D48 /* Debug */,
				6D07DD3B1E525FAD00AC4D48 /* Release */,
			);
			defaultConfigurationIsVisible = 0;
			defaultConfigurationName = Release;
		};
		6D07DD3C1E525FAD00AC4D48 /* Build configuration list for PBXNativeTarget "PartyApp_1Tests" */ = {
			isa = XCConfigurationList;
			buildConfigurations = (
				6D07DD3D1E525FAD00AC4D48 /* Debug */,
				6D07DD3E1E525FAD00AC4D48 /* Release */,
			);
			defaultConfigurationIsVisible = 0;
			defaultConfigurationName = Release;
		};
		6D07DD3F1E525FAD00AC4D48 /* Build configuration list for PBXNativeTarget "PartyApp_1UITests" */ = {
			isa = XCConfigurationList;
			buildConfigurations = (
				6D07DD401E525FAD00AC4D48 /* Debug */,
				6D07DD411E525FAD00AC4D48 /* Release */,
			);
			defaultConfigurationIsVisible = 0;
			defaultConfigurationName = Release;
		};
/* End XCConfigurationList section */
	};
	rootObject = 6D07DD091E525FAD00AC4D48 /* Project object */;
}
